
Microsoft Visual Studio Solution File, Format Version 12.00
# Visual Studio Version 17
VisualStudioVersion = 17.7.34031.279
MinimumVisualStudioVersion = 10.0.40219.1
Project("{FAE04EC0-301F-11D3-BF4B-00C04F79EFBC}") = "StudentWebAPI", "StudentWebAPI\StudentWebAPI.csproj", "{78C78912-1EF2-4ADB-BCAC-A41EE3351A39}"
EndProject
Project("{FAE04EC0-301F-11D3-BF4B-00C04F79EFBC}") = "TestStudentAPI", "TestStudentAPI\TestStudentAPI.csproj", "{8720345A-A4C7-447C-B807-D816A97D9015}"
EndProject
Global
	GlobalSection(SolutionConfigurationPlatforms) = preSolution
		Debug|Any CPU = Debug|Any CPU
		Release|Any CPU = Release|Any CPU
	EndGlobalSection
	GlobalSection(ProjectConfigurationPlatforms) = postSolution
		{78C78912-1EF2-4ADB-BCAC-A41EE3351A39}.Debug|Any CPU.ActiveCfg = Debug|Any CPU
		{78C78912-1EF2-4ADB-BCAC-A41EE3351A39}.Debug|Any CPU.Build.0 = Debug|Any CPU
		{78C78912-1EF2-4ADB-BCAC-A41EE3351A39}.Release|Any CPU.ActiveCfg = Release|Any CPU
		{78C78912-1EF2-4ADB-BCAC-A41EE3351A39}.Release|Any CPU.Build.0 = Release|Any CPU
		{8720345A-A4C7-447C-B807-D816A97D9015}.Debug|Any CPU.ActiveCfg = Debug|Any CPU
		{8720345A-A4C7-447C-B807-D816A97D9015}.Debug|Any CPU.Build.0 = Debug|Any CPU
		{8720345A-A4C7-447C-B807-D816A97D9015}.Release|Any CPU.ActiveCfg = Release|Any CPU
		{8720345A-A4C7-447C-B807-D816A97D9015}.Release|Any CPU.Build.0 = Release|Any CPU
	EndGlobalSection
	GlobalSection(SolutionProperties) = preSolution
		HideSolutionNode = FALSE
	EndGlobalSection
	GlobalSection(ExtensibilityGlobals) = postSolution
		SolutionGuid = {3DE27496-4691-40F9-991D-8DCB8C9BC1E8}
	EndGlobalSection
EndGlobal
